
Microsoft Visual Studio Solution File, Format Version 12.00
# Visual Studio Version 17
VisualStudioVersion = 17.12.35527.113
MinimumVisualStudioVersion = 10.0.40219.1
Project("{FAE04EC0-301F-11D3-BF4B-00C04F79EFBC}") = "Cosmos", "Cosmos\Cosmos.csproj", "{061DF3B9-2502-4AC1-ABE8-984B743F668A}"
EndProject
Project("{FAE04EC0-301F-11D3-BF4B-00C04F79EFBC}") = "CosmosLb", "CosmosLb\CosmosLb.csproj", "{C8814A46-2E8E-4CCC-89BD-A81CBC35DE7E}"
EndProject
Project("{FAE04EC0-301F-11D3-BF4B-00C04F79EFBC}") = "Cosmo.WebApi", "Cosmo.WebApi\Cosmo.WebApi.csproj", "{C6797C1E-6177-49DE-A09C-DE95345CEE5F}"
EndProject
Global
	GlobalSection(SolutionConfigurationPlatforms) = preSolution
		Debug|Any CPU = Debug|Any CPU
		Release|Any CPU = Release|Any CPU
	EndGlobalSection
	GlobalSection(ProjectConfigurationPlatforms) = postSolution
		{061DF3B9-2502-4AC1-ABE8-984B743F668A}.Debug|Any CPU.ActiveCfg = Debug|Any CPU
		{061DF3B9-2502-4AC1-ABE8-984B743F668A}.Debug|Any CPU.Build.0 = Debug|Any CPU
		{061DF3B9-2502-4AC1-ABE8-984B743F668A}.Release|Any CPU.ActiveCfg = Release|Any CPU
		{061DF3B9-2502-4AC1-ABE8-984B743F668A}.Release|Any CPU.Build.0 = Release|Any CPU
		{C8814A46-2E8E-4CCC-89BD-A81CBC35DE7E}.Debug|Any CPU.ActiveCfg = Debug|Any CPU
		{C8814A46-2E8E-4CCC-89BD-A81CBC35DE7E}.Debug|Any CPU.Build.0 = Debug|Any CPU
		{C8814A46-2E8E-4CCC-89BD-A81CBC35DE7E}.Release|Any CPU.ActiveCfg = Release|Any CPU
		{C8814A46-2E8E-4CCC-89BD-A81CBC35DE7E}.Release|Any CPU.Build.0 = Release|Any CPU
		{C6797C1E-6177-49DE-A09C-DE95345CEE5F}.Debug|Any CPU.ActiveCfg = Debug|Any CPU
		{C6797C1E-6177-49DE-A09C-DE95345CEE5F}.Debug|Any CPU.Build.0 = Debug|Any CPU
		{C6797C1E-6177-49DE-A09C-DE95345CEE5F}.Release|Any CPU.ActiveCfg = Release|Any CPU
		{C6797C1E-6177-49DE-A09C-DE95345CEE5F}.Release|Any CPU.Build.0 = Release|Any CPU
	EndGlobalSection
	GlobalSection(SolutionProperties) = preSolution
		HideSolutionNode = FALSE
	EndGlobalSection
EndGlobal
